<?xml version="1.0" encoding="utf-8"?>
<Project ToolsVersion="4.0" xmlns="http://schemas.microsoft.com/developer/msbuild/2003">
  <ItemGroup>
    <Filter Include="Source Files">
      <UniqueIdentifier>{4FC737F1-C7A5-4376-A066-2A32D752A2FF}</UniqueIdentifier>
      <Extensions>cpp;c;cc;cxx;c++;cppm;ixx;def;odl;idl;hpj;bat;asm;asmx</Extensions>
    </Filter>
    <Filter Include="Header Files">
      <UniqueIdentifier>{93995380-89BD-4b04-88EB-625FBE52EBFB}</UniqueIdentifier>
      <Extensions>h;hh;hpp;hxx;h++;hm;inl;inc;ipp;xsd</Extensions>
    </Filter>
    <Filter Include="Resource Files">
      <UniqueIdentifier>{67DA6AB6-F800-4c08-8B7A-83BB121AAD01}</UniqueIdentifier>
      <Extensions>rc;ico;cur;bmp;dlg;rc2;rct;bin;rgs;gif;jpg;jpeg;jpe;resx;tiff;tif;png;wav;mfcribbon-ms</Extensions>
    </Filter>
    <Filter Include="Source Files\GameManager">
      <UniqueIdentifier>{3897eec2-8dee-4039-bdb2-6e935f9c301e}</UniqueIdentifier>
    </Filter>
    <Filter Include="Source Files\Scene">
      <UniqueIdentifier>{2fef7538-f68b-4fe8-b010-fbd2eab38d9a}</UniqueIdentifier>
    </Filter>
    <Filter Include="Source Files\Scene\Logo">
      <UniqueIdentifier>{2d7bc943-d9bc-4595-9fc4-bfe38457fad7}</UniqueIdentifier>
    </Filter>
    <Filter Include="Source Files\Scene\Menu">
      <UniqueIdentifier>{e1cde5a1-a516-43ec-90b5-9fe1319c4556}</UniqueIdentifier>
    </Filter>
    <Filter Include="Source Files\Scene\Stage">
      <UniqueIdentifier>{dfcd4f36-ff50-4458-9ae6-a3a1bae048aa}</UniqueIdentifier>
    </Filter>
    <Filter Include="Source Files\GameManager\SceneManager">
      <UniqueIdentifier>{63ace976-c52a-49cc-bb3e-e8ed645644a3}</UniqueIdentifier>
    </Filter>
  </ItemGroup>
  <ItemGroup>
    <ClCompile Include="Source.cpp">
      <Filter>Source Files</Filter>
    </ClCompile>
    <ClCompile Include="Logo.cpp">
      <Filter>Source Files\Scene\Logo</Filter>
    </ClCompile>
    <ClCompile Include="Menu.cpp">
      <Filter>Source Files\Scene\Menu</Filter>
    </ClCompile>
    <ClCompile Include="Scene.cpp">
      <Filter>Source Files\Scene</Filter>
    </ClCompile>
    <ClCompile Include="Stage.cpp">
      <Filter>Source Files\Scene\Stage</Filter>
    </ClCompile>
    <ClCompile Include="SceneManager.cpp">
      <Filter>Source Files\GameManager\SceneManager</Filter>
    </ClCompile>
  </ItemGroup>
  <ItemGroup>
    <ClInclude Include="Stage.h">
      <Filter>Source Files\Scene\Stage</Filter>
    </ClInclude>
    <ClInclude Include="Scene.h">
      <Filter>Source Files\Scene</Filter>
    </ClInclude>
    <ClInclude Include="Menu.h">
      <Filter>Source Files\Scene\Menu</Filter>
    </ClInclude>
    <ClInclude Include="Logo.h">
      <Filter>Source Files\Scene\Logo</Filter>
    </ClInclude>
    <ClInclude Include="Header.h">
      <Filter>Header Files</Filter>
    </ClInclude>
    <ClInclude Include="SceneManager.h">
      <Filter>Source Files\GameManager\SceneManager</Filter>
    </ClInclude>
  </ItemGroup>
</Project>