
Microsoft Visual Studio Solution File, Format Version 12.00
# Visual Studio Version 17
VisualStudioVersion = 17.9.34607.119
MinimumVisualStudioVersion = 10.0.40219.1
Project("{8BC9CEB8-8B4A-11D0-8D11-00A0C91BC942}") = "Project5", "Project5\Project5.vcxproj", "{355C007C-3B18-4443-B646-B10C88998384}"
EndProject
Global
	GlobalSection(SolutionConfigurationPlatforms) = preSolution
		Debug|x64 = Debug|x64
		Debug|x86 = Debug|x86
		Release|x64 = Release|x64
		Release|x86 = Release|x86
	EndGlobalSection
	GlobalSection(ProjectConfigurationPlatforms) = postSolution
		{355C007C-3B18-4443-B646-B10C88998384}.Debug|x64.ActiveCfg = Debug|x64
		{355C007C-3B18-4443-B646-B10C88998384}.Debug|x64.Build.0 = Debug|x64
		{355C007C-3B18-4443-B646-B10C88998384}.Debug|x86.ActiveCfg = Debug|Win32
		{355C007C-3B18-4443-B646-B10C88998384}.Debug|x86.Build.0 = Debug|Win32
		{355C007C-3B18-4443-B646-B10C88998384}.Release|x64.ActiveCfg = Release|x64
		{355C007C-3B18-4443-B646-B10C88998384}.Release|x64.Build.0 = Release|x64
		{355C007C-3B18-4443-B646-B10C88998384}.Release|x86.ActiveCfg = Release|Win32
		{355C007C-3B18-4443-B646-B10C88998384}.Release|x86.Build.0 = Release|Win32
	EndGlobalSection
	GlobalSection(SolutionProperties) = preSolution
		HideSolutionNode = FALSE
	EndGlobalSection
	GlobalSection(ExtensibilityGlobals) = postSolution
		SolutionGuid = {CF6C9E3C-8F48-41DD-9885-5EFA06D71472}
	EndGlobalSection
EndGlobal
