
Microsoft Visual Studio Solution File, Format Version 12.00
# Visual Studio Version 17
VisualStudioVersion = 17.8.34330.188
MinimumVisualStudioVersion = 10.0.40219.1
Project("{FAE04EC0-301F-11D3-BF4B-00C04F79EFBC}") = "Program", "Program.csproj", "{39C59A53-2E12-4FF6-AB43-09DF6FB85C38}"
EndProject
Global
	GlobalSection(SolutionConfigurationPlatforms) = preSolution
		Debug|Any CPU = Debug|Any CPU
		Release|Any CPU = Release|Any CPU
	EndGlobalSection
	GlobalSection(ProjectConfigurationPlatforms) = postSolution
		{39C59A53-2E12-4FF6-AB43-09DF6FB85C38}.Debug|Any CPU.ActiveCfg = Debug|Any CPU
		{39C59A53-2E12-4FF6-AB43-09DF6FB85C38}.Debug|Any CPU.Build.0 = Debug|Any CPU
		{39C59A53-2E12-4FF6-AB43-09DF6FB85C38}.Release|Any CPU.ActiveCfg = Release|Any CPU
		{39C59A53-2E12-4FF6-AB43-09DF6FB85C38}.Release|Any CPU.Build.0 = Release|Any CPU
	EndGlobalSection
	GlobalSection(SolutionProperties) = preSolution
		HideSolutionNode = FALSE
	EndGlobalSection
	GlobalSection(ExtensibilityGlobals) = postSolution
		SolutionGuid = {FCCFBB3D-3E97-49E7-B911-02DC4A3F7F86}
	EndGlobalSection
EndGlobal
